github.com/Jeffail/gabs/v2 v2.6.1 h1:wwbE6nTQTwIMsMxzi6XFQQYRZ6wDc1mSdxoAN+9U4Gk=
github.com/Jeffail/gabs/v2 v2.6.1/go.mod h1:xCn81vdHKxFUuWWAaD5jCTQDNPBMh5pPs9IJ+NcziBI=
github.com/TheTitanrain/w32 v0.0.0-20180517000239-4f5cfb03fabf h1:FPsprx82rdrX2jiKyS17BH6IrTmUBYqZa/CXT4uvb+I=
github.com/TheTitanrain/w32 v0.0.0-20180517000239-4f5cfb03fabf/go.mod h1:peYoMncQljjNS6tZwI9WVyQB3qZS6u79/N3mBOcnd3I=
github.com/juju/fslock v0.0.0-20160525022230-4d5c94c67b4b h1:FQ7+9fxhyp82ks9vAuyPzG0/vVbWwMwLJ+P6yJI5FN8=
github.com/juju/fslock v0.0.0-20160525022230-4d5c94c67b4b/go.mod h1:HMcgvsgd0Fjj4XXDkbjdmlbI505rUPBs6WBMYg2pXks=
github.com/sqweek/dialog v0.0.0-20220809060634-e981b270ebbf h1:pCxn3BCfu8n8VUhYl4zS1BftoZoYY0J4qVF3dqAQ4aU=
github.com/sqweek/dialog v0.0.0-20220809060634-e981b270ebbf/go.mod h1:/qNPSY91qTz/8TgHEMioAUc6q7+3SOybeKczHMXFcXw=
